
Microsoft Visual Studio Solution File, Format Version 12.00
# Visual Studio Version 17
VisualStudioVersion = 17.7.34018.315
MinimumVisualStudioVersion = 10.0.40219.1
Project("{9A19103F-16F7-4668-BE54-9A1E7A4F7556}") = "MyBuilding", "MyBuilding.csproj", "{6FABD9DC-86B8-4928-8BAE-A88E31C06E68}"
EndProject
Project("{FAE04EC0-301F-11D3-BF4B-00C04F79EFBC}") = "MyBuilding.Tests", "..\MyBuilding.Tests\MyBuilding.Tests.csproj", "{3B4C32B2-A039-43A3-95CD-5C9716A3A4BF}"
EndProject
Global
	GlobalSection(SolutionConfigurationPlatforms) = preSolution
		Debug|Any CPU = Debug|Any CPU
		Release|Any CPU = Release|Any CPU
	EndGlobalSection
	GlobalSection(ProjectConfigurationPlatforms) = postSolution
		{6FABD9DC-86B8-4928-8BAE-A88E31C06E68}.Debug|Any CPU.ActiveCfg = Debug|Any CPU
		{6FABD9DC-86B8-4928-8BAE-A88E31C06E68}.Debug|Any CPU.Build.0 = Debug|Any CPU
		{6FABD9DC-86B8-4928-8BAE-A88E31C06E68}.Release|Any CPU.ActiveCfg = Release|Any CPU
		{6FABD9DC-86B8-4928-8BAE-A88E31C06E68}.Release|Any CPU.Build.0 = Release|Any CPU
		{3B4C32B2-A039-43A3-95CD-5C9716A3A4BF}.Debug|Any CPU.ActiveCfg = Debug|Any CPU
		{3B4C32B2-A039-43A3-95CD-5C9716A3A4BF}.Debug|Any CPU.Build.0 = Debug|Any CPU
		{3B4C32B2-A039-43A3-95CD-5C9716A3A4BF}.Release|Any CPU.ActiveCfg = Release|Any CPU
		{3B4C32B2-A039-43A3-95CD-5C9716A3A4BF}.Release|Any CPU.Build.0 = Release|Any CPU
	EndGlobalSection
	GlobalSection(SolutionProperties) = preSolution
		HideSolutionNode = FALSE
	EndGlobalSection
	GlobalSection(ExtensibilityGlobals) = postSolution
		SolutionGuid = {B1CBDC7C-C2BC-4039-BC20-1F6D6A283954}
	EndGlobalSection
EndGlobal
